
Microsoft Visual Studio Solution File, Format Version 12.00
# Visual Studio 2013
VisualStudioVersion = 12.0.21005.1
MinimumVisualStudioVersion = 10.0.40219.1
Project("{2150E333-8FDC-42A3-9474-1A3956D46DE8}") = ".paket", ".paket", "{8DBF1A50-E5FA-4ABC-89DC-19FD1A9EE690}"
	ProjectSection(SolutionItems) = preProject
		paket.dependencies = paket.dependencies
	EndProjectSection
EndProject
Project("{F2A71F9B-5D33-465A-A702-920D77279786}") = "Tutorial", "Tutorial\Tutorial.fsproj", "{096765CC-562E-4FD6-A3D0-452A58E8BFC9}"
EndProject
Global
	GlobalSection(SolutionConfigurationPlatforms) = preSolution
		Debug|Any CPU = Debug|Any CPU
		Release|Any CPU = Release|Any CPU
	EndGlobalSection
	GlobalSection(ProjectConfigurationPlatforms) = postSolution
		{096765CC-562E-4FD6-A3D0-452A58E8BFC9}.Debug|Any CPU.ActiveCfg = Debug|Any CPU
		{096765CC-562E-4FD6-A3D0-452A58E8BFC9}.Debug|Any CPU.Build.0 = Debug|Any CPU
		{096765CC-562E-4FD6-A3D0-452A58E8BFC9}.Release|Any CPU.ActiveCfg = Release|Any CPU
		{096765CC-562E-4FD6-A3D0-452A58E8BFC9}.Release|Any CPU.Build.0 = Release|Any CPU
	EndGlobalSection
	GlobalSection(SolutionProperties) = preSolution
		HideSolutionNode = FALSE
	EndGlobalSection
EndGlobal
